
Microsoft Visual Studio Solution File, Format Version 12.00
# Visual Studio Version 16
VisualStudioVersion = 16.0.30523.141
MinimumVisualStudioVersion = 10.0.40219.1
Project("{FAE04EC0-301F-11D3-BF4B-00C04F79EFBC}") = "HospitalManagmentSystem_", "HospitalManagmentSystem_\HospitalManagmentSystem_.csproj", "{140613BF-9F5A-4834-B535-194D2C30C16A}"
EndProject
Global
	GlobalSection(SolutionConfigurationPlatforms) = preSolution
		Debug|Any CPU = Debug|Any CPU
		Release|Any CPU = Release|Any CPU
	EndGlobalSection
	GlobalSection(ProjectConfigurationPlatforms) = postSolution
		{140613BF-9F5A-4834-B535-194D2C30C16A}.Debug|Any CPU.ActiveCfg = Debug|Any CPU
		{140613BF-9F5A-4834-B535-194D2C30C16A}.Debug|Any CPU.Build.0 = Debug|Any CPU
		{140613BF-9F5A-4834-B535-194D2C30C16A}.Release|Any CPU.ActiveCfg = Release|Any CPU
		{140613BF-9F5A-4834-B535-194D2C30C16A}.Release|Any CPU.Build.0 = Release|Any CPU
	EndGlobalSection
	GlobalSection(SolutionProperties) = preSolution
		HideSolutionNode = FALSE
	EndGlobalSection
	GlobalSection(ExtensibilityGlobals) = postSolution
		SolutionGuid = {AC135358-97EE-4E67-AC72-03EBF1218152}
	EndGlobalSection
EndGlobal
